lockfileVersion: '9.0'

settings:
  autoInstallPeers: true
  excludeLinksFromLockfile: false

importers:

  .:
    dependencies:
      i18next:
        specifier: ^25.3.2
        version: 25.3.2
      i18next-browser-languagedetector:
        specifier: ^8.2.0
        version: 8.2.0
      react-i18next:
        specifier: ^15.6.1
        version: 15.6.1(i18next@25.3.2)(react@19.1.1)

packages:

  '@babel/runtime@7.28.2':
    resolution: {integrity: sha512-KHp2IflsnGywDjBWDkR9iEqiWSpc8GIi0lgTT3mOElT0PP1tG26P4tmFI2YvAdzgq9RGyoHZQEIEdZy6Ec5xCA==}
    engines: {node: '>=6.9.0'}

  html-parse-stringify@3.0.1:
    resolution: {integrity: sha512-KknJ50kTInJ7qIScF3jeaFRpMpE8/lfiTdzf/twXyPBLAGrLRTmkz3AdTnKeh40X8k9L2fdYwEp/42WGXIRGcg==}

  i18next-browser-languagedetector@8.2.0:
    resolution: {integrity: sha512-P+3zEKLnOF0qmiesW383vsLdtQVyKtCNA9cjSoKCppTKPQVfKd2W8hbVo5ZhNJKDqeM7BOcvNoKJOjpHh4Js9g==}

  i18next@25.3.2:
    resolution: {integrity: sha512-JSnbZDxRVbphc5jiptxr3o2zocy5dEqpVm9qCGdJwRNO+9saUJS0/u4LnM/13C23fUEWxAylPqKU/NpMV/IjqA==}
    peerDependencies:
      typescript: ^5
    peerDependenciesMeta:
      typescript:
        optional: true

  react-i18next@15.6.1:
    resolution: {integrity: sha512-uGrzSsOUUe2sDBG/+FJq2J1MM+Y4368/QW8OLEKSFvnDflHBbZhSd1u3UkW0Z06rMhZmnB/AQrhCpYfE5/5XNg==}
    peerDependencies:
      i18next: '>= 23.2.3'
      react: '>= 16.8.0'
      react-dom: '*'
      react-native: '*'
      typescript: ^5
    peerDependenciesMeta:
      react-dom:
        optional: true
      react-native:
        optional: true
      typescript:
        optional: true

  react@19.1.1:
    resolution: {integrity: sha512-w8nqGImo45dmMIfljjMwOGtbmC/mk4CMYhWIicdSflH91J9TyCyczcPFXJzrZ/ZXcgGRFeP6BU0BEJTw6tZdfQ==}
    engines: {node: '>=0.10.0'}

  void-elements@3.1.0:
    resolution: {integrity: sha512-Dhxzh5HZuiHQhbvTW9AMetFfBHDMYpo23Uo9btPXgdYP+3T5S+p+jgNy7spra+veYhBP2dCSgxR/i2Y02h5/6w==}
    engines: {node: '>=0.10.0'}

snapshots:

  '@babel/runtime@7.28.2': {}

  html-parse-stringify@3.0.1:
    dependencies:
      void-elements: 3.1.0

  i18next-browser-languagedetector@8.2.0:
    dependencies:
      '@babel/runtime': 7.28.2

  i18next@25.3.2:
    dependencies:
      '@babel/runtime': 7.28.2

  react-i18next@15.6.1(i18next@25.3.2)(react@19.1.1):
    dependencies:
      '@babel/runtime': 7.28.2
      html-parse-stringify: 3.0.1
      i18next: 25.3.2
      react: 19.1.1

  react@19.1.1: {}

  void-elements@3.1.0: {}
